{
  "object": {
    "pins": [
      {
        "package": "BigInt",
        "repositoryURL": "https://github.com/leif-ibsen/BigInt",
        "state": {
          "branch": null,
          "revision": "ba54c8b51392627d4cc9b05a672cce558be56e04",
          "version": "1.17.0"
        }
      }
    ]
  },
  "version": 1
}
